
Microsoft Visual Studio Solution File, Format Version 12.00
# Visual Studio 15
VisualStudioVersion = 15.0.27428.2015
MinimumVisualStudioVersion = 10.0.40219.1
Project("{9A19103F-16F7-4668-BE54-9A1E7A4F7556}") = "fundooNotesAngular5", "fundooNotesAngular5\fundooNotesAngular5.csproj", "{81813B5C-D419-40B6-80E5-CD51033EF0FF}"
EndProject
Project("{9A19103F-16F7-4668-BE54-9A1E7A4F7556}") = "fundooNotesAngular5.DAL", "fundooNotesAngular5.DAL\fundooNotesAngular5.DAL.csproj", "{6E19486E-755A-4FE6-8D2D-3A79E907B847}"
EndProject
Project("{FAE04EC0-301F-11D3-BF4B-00C04F79EFBC}") = "fundooNotesAngular5.Service", "fundooNotesAngular5.Service\fundooNotesAngular5.Service.csproj", "{4A417EA0-349A-4B97-BC0B-564CB27EF521}"
EndProject
Project("{FAE04EC0-301F-11D3-BF4B-00C04F79EFBC}") = "fundooNotesAngular5.Repository", "fundooNotesAngular5.Repository\fundooNotesAngular5.Repository.csproj", "{FF9D7FBE-DC41-4898-8A42-685304966B4B}"
EndProject
Global
	GlobalSection(SolutionConfigurationPlatforms) = preSolution
		Debug|Any CPU = Debug|Any CPU
		Release|Any CPU = Release|Any CPU
	EndGlobalSection
	GlobalSection(ProjectConfigurationPlatforms) = postSolution
		{81813B5C-D419-40B6-80E5-CD51033EF0FF}.Debug|Any CPU.ActiveCfg = Debug|Any CPU
		{81813B5C-D419-40B6-80E5-CD51033EF0FF}.Debug|Any CPU.Build.0 = Debug|Any CPU
		{81813B5C-D419-40B6-80E5-CD51033EF0FF}.Release|Any CPU.ActiveCfg = Release|Any CPU
		{81813B5C-D419-40B6-80E5-CD51033EF0FF}.Release|Any CPU.Build.0 = Release|Any CPU
		{6E19486E-755A-4FE6-8D2D-3A79E907B847}.Debug|Any CPU.ActiveCfg = Debug|Any CPU
		{6E19486E-755A-4FE6-8D2D-3A79E907B847}.Debug|Any CPU.Build.0 = Debug|Any CPU
		{6E19486E-755A-4FE6-8D2D-3A79E907B847}.Release|Any CPU.ActiveCfg = Release|Any CPU
		{6E19486E-755A-4FE6-8D2D-3A79E907B847}.Release|Any CPU.Build.0 = Release|Any CPU
		{4A417EA0-349A-4B97-BC0B-564CB27EF521}.Debug|Any CPU.ActiveCfg = Debug|Any CPU
		{4A417EA0-349A-4B97-BC0B-564CB27EF521}.Debug|Any CPU.Build.0 = Debug|Any CPU
		{4A417EA0-349A-4B97-BC0B-564CB27EF521}.Release|Any CPU.ActiveCfg = Release|Any CPU
		{4A417EA0-349A-4B97-BC0B-564CB27EF521}.Release|Any CPU.Build.0 = Release|Any CPU
		{FF9D7FBE-DC41-4898-8A42-685304966B4B}.Debug|Any CPU.ActiveCfg = Debug|Any CPU
		{FF9D7FBE-DC41-4898-8A42-685304966B4B}.Debug|Any CPU.Build.0 = Debug|Any CPU
		{FF9D7FBE-DC41-4898-8A42-685304966B4B}.Release|Any CPU.ActiveCfg = Release|Any CPU
		{FF9D7FBE-DC41-4898-8A42-685304966B4B}.Release|Any CPU.Build.0 = Release|Any CPU
	EndGlobalSection
	GlobalSection(SolutionProperties) = preSolution
		HideSolutionNode = FALSE
	EndGlobalSection
	GlobalSection(ExtensibilityGlobals) = postSolution
		SolutionGuid = {A09F509E-714A-432D-A037-A2CBC68453E7}
	EndGlobalSection
EndGlobal
